
Microsoft Visual Studio Solution File, Format Version 10.00
# Visual Studio 2008
Project("{FAE04EC0-301F-11D3-BF4B-00C04F79EFBC}") = "OpenRa.FileFormats", "OpenRa.FileFormats\OpenRa.FileFormats.csproj", "{BDAEAB25-991E-46A7-AF1E-4F0E03358DAA}"
EndProject
Project("{FAE04EC0-301F-11D3-BF4B-00C04F79EFBC}") = "OpenRa.Game", "OpenRa.Game\OpenRa.Game.csproj", "{0DFB103F-2962-400F-8C6D-E2C28CCBA633}"
EndProject
Project("{FAE04EC0-301F-11D3-BF4B-00C04F79EFBC}") = "OpenRa.DataStructures", "OpenRa.DataStructures\OpenRa.DataStructures.csproj", "{2F9E7A23-56C0-4286-9C8E-1060A9B2F073}"
EndProject
Project("{FAE04EC0-301F-11D3-BF4B-00C04F79EFBC}") = "PaletteUsage", "PaletteUsage\PaletteUsage.csproj", "{54577061-E2D2-4336-90A2-A9A7106A30CD}"
EndProject
Global
	GlobalSection(SolutionConfigurationPlatforms) = preSolution
		Debug (x86)|Win32 = Debug (x86)|Win32
		Release (x86)|Win32 = Release (x86)|Win32
	EndGlobalSection
	GlobalSection(ProjectConfigurationPlatforms) = postSolution
		{BDAEAB25-991E-46A7-AF1E-4F0E03358DAA}.Debug (x86)|Win32.ActiveCfg = Debug|x86
		{BDAEAB25-991E-46A7-AF1E-4F0E03358DAA}.Debug (x86)|Win32.Build.0 = Debug|x86
		{BDAEAB25-991E-46A7-AF1E-4F0E03358DAA}.Release (x86)|Win32.ActiveCfg = Release|x86
		{BDAEAB25-991E-46A7-AF1E-4F0E03358DAA}.Release (x86)|Win32.Build.0 = Release|x86
		{0DFB103F-2962-400F-8C6D-E2C28CCBA633}.Debug (x86)|Win32.ActiveCfg = Debug|x86
		{0DFB103F-2962-400F-8C6D-E2C28CCBA633}.Debug (x86)|Win32.Build.0 = Debug|x86
		{0DFB103F-2962-400F-8C6D-E2C28CCBA633}.Release (x86)|Win32.ActiveCfg = Release|x86
		{0DFB103F-2962-400F-8C6D-E2C28CCBA633}.Release (x86)|Win32.Build.0 = Release|x86
		{2F9E7A23-56C0-4286-9C8E-1060A9B2F073}.Debug (x86)|Win32.ActiveCfg = Debug|x86
		{2F9E7A23-56C0-4286-9C8E-1060A9B2F073}.Debug (x86)|Win32.Build.0 = Debug|x86
		{2F9E7A23-56C0-4286-9C8E-1060A9B2F073}.Release (x86)|Win32.ActiveCfg = Release|x86
		{2F9E7A23-56C0-4286-9C8E-1060A9B2F073}.Release (x86)|Win32.Build.0 = Release|x86
		{54577061-E2D2-4336-90A2-A9A7106A30CD}.Debug (x86)|Win32.ActiveCfg = Debug|x86
		{54577061-E2D2-4336-90A2-A9A7106A30CD}.Debug (x86)|Win32.Build.0 = Debug|x86
		{54577061-E2D2-4336-90A2-A9A7106A30CD}.Release (x86)|Win32.ActiveCfg = Release|x86
		{54577061-E2D2-4336-90A2-A9A7106A30CD}.Release (x86)|Win32.Build.0 = Release|x86
	EndGlobalSection
	GlobalSection(SolutionProperties) = preSolution
		HideSolutionNode = FALSE
	EndGlobalSection
EndGlobal
