
Microsoft Visual Studio Solution File, Format Version 9.00
# Visual Studio 2005
Project("{8BC9CEB8-8B4A-11D0-8D11-00A0C91BC942}") = "MixDecrypt", "MixDecrypt\MixDecrypt.vcproj", "{6F5D4280-3D23-41FF-AE2A-511B5553E377}"
EndProject
Project("{FAE04EC0-301F-11D3-BF4B-00C04F79EFBC}") = "ShpViewer", "ShpViewer\ShpViewer.csproj", "{4303FE72-B07F-4EBB-8CD2-5F33E44801B3}"
EndProject
Project("{FAE04EC0-301F-11D3-BF4B-00C04F79EFBC}") = "OpenRa.FileFormats", "OpenRa.FileFormats\OpenRa.FileFormats.csproj", "{BDAEAB25-991E-46A7-AF1E-4F0E03358DAA}"
	ProjectSection(ProjectDependencies) = postProject
		{6F5D4280-3D23-41FF-AE2A-511B5553E377} = {6F5D4280-3D23-41FF-AE2A-511B5553E377}
	EndProjectSection
EndProject
Project("{FAE04EC0-301F-11D3-BF4B-00C04F79EFBC}") = "OpenRa.Core", "OpenRa.Core\OpenRa.Core.csproj", "{1B60782F-B2DD-43F1-B51D-B798485F317C}"
EndProject
Project("{FAE04EC0-301F-11D3-BF4B-00C04F79EFBC}") = "OpenRa.Game", "OpenRa.Game\OpenRa.Game.csproj", "{0DFB103F-2962-400F-8C6D-E2C28CCBA633}"
	ProjectSection(ProjectDependencies) = postProject
		{4EA97564-C929-4ABE-AC5D-A9D11EDE08E1} = {4EA97564-C929-4ABE-AC5D-A9D11EDE08E1}
	EndProjectSection
EndProject
Project("{8BC9CEB8-8B4A-11D0-8D11-00A0C91BC942}") = "BluntDx", "BluntDx\BluntDx.vcproj", "{4EA97564-C929-4ABE-AC5D-A9D11EDE08E1}"
EndProject
Project("{FAE04EC0-301F-11D3-BF4B-00C04F79EFBC}") = "OpenRa.TechTree", "OpenRa.TechTree\OpenRa.TechTree.csproj", "{2BFC3861-E90E-4F77-B254-8FB8285E43AC}"
EndProject
Global
	GlobalSection(SolutionConfigurationPlatforms) = preSolution
		Debug|Any CPU = Debug|Any CPU
		Debug|Mixed Platforms = Debug|Mixed Platforms
		Debug|Win32 = Debug|Win32
		Release|Any CPU = Release|Any CPU
		Release|Mixed Platforms = Release|Mixed Platforms
		Release|Win32 = Release|Win32
	EndGlobalSection
	GlobalSection(ProjectConfigurationPlatforms) = postSolution
		{6F5D4280-3D23-41FF-AE2A-511B5553E377}.Debug|Any CPU.ActiveCfg = Debug|Win32
		{6F5D4280-3D23-41FF-AE2A-511B5553E377}.Debug|Mixed Platforms.ActiveCfg = Release|Win32
		{6F5D4280-3D23-41FF-AE2A-511B5553E377}.Debug|Mixed Platforms.Build.0 = Release|Win32
		{6F5D4280-3D23-41FF-AE2A-511B5553E377}.Debug|Win32.ActiveCfg = Debug|Win32
		{6F5D4280-3D23-41FF-AE2A-511B5553E377}.Debug|Win32.Build.0 = Debug|Win32
		{6F5D4280-3D23-41FF-AE2A-511B5553E377}.Release|Any CPU.ActiveCfg = Release|Win32
		{6F5D4280-3D23-41FF-AE2A-511B5553E377}.Release|Mixed Platforms.ActiveCfg = Release|Win32
		{6F5D4280-3D23-41FF-AE2A-511B5553E377}.Release|Mixed Platforms.Build.0 = Release|Win32
		{6F5D4280-3D23-41FF-AE2A-511B5553E377}.Release|Win32.ActiveCfg = Release|Win32
		{6F5D4280-3D23-41FF-AE2A-511B5553E377}.Release|Win32.Build.0 = Release|Win32
		{4303FE72-B07F-4EBB-8CD2-5F33E44801B3}.Debug|Any CPU.ActiveCfg = Debug|Any CPU
		{4303FE72-B07F-4EBB-8CD2-5F33E44801B3}.Debug|Any CPU.Build.0 = Debug|Any CPU
		{4303FE72-B07F-4EBB-8CD2-5F33E44801B3}.Debug|Mixed Platforms.ActiveCfg = Debug|Any CPU
		{4303FE72-B07F-4EBB-8CD2-5F33E44801B3}.Debug|Mixed Platforms.Build.0 = Debug|Any CPU
		{4303FE72-B07F-4EBB-8CD2-5F33E44801B3}.Debug|Win32.ActiveCfg = Debug|Any CPU
		{4303FE72-B07F-4EBB-8CD2-5F33E44801B3}.Release|Any CPU.ActiveCfg = Release|Any CPU
		{4303FE72-B07F-4EBB-8CD2-5F33E44801B3}.Release|Any CPU.Build.0 = Release|Any CPU
		{4303FE72-B07F-4EBB-8CD2-5F33E44801B3}.Release|Mixed Platforms.ActiveCfg = Release|Any CPU
		{4303FE72-B07F-4EBB-8CD2-5F33E44801B3}.Release|Mixed Platforms.Build.0 = Release|Any CPU
		{4303FE72-B07F-4EBB-8CD2-5F33E44801B3}.Release|Win32.ActiveCfg = Release|Any CPU
		{BDAEAB25-991E-46A7-AF1E-4F0E03358DAA}.Debug|Any CPU.ActiveCfg = Debug|Any CPU
		{BDAEAB25-991E-46A7-AF1E-4F0E03358DAA}.Debug|Any CPU.Build.0 = Debug|Any CPU
		{BDAEAB25-991E-46A7-AF1E-4F0E03358DAA}.Debug|Mixed Platforms.ActiveCfg = Debug|Any CPU
		{BDAEAB25-991E-46A7-AF1E-4F0E03358DAA}.Debug|Mixed Platforms.Build.0 = Debug|Any CPU
		{BDAEAB25-991E-46A7-AF1E-4F0E03358DAA}.Debug|Win32.ActiveCfg = Debug|Any CPU
		{BDAEAB25-991E-46A7-AF1E-4F0E03358DAA}.Release|Any CPU.ActiveCfg = Release|Any CPU
		{BDAEAB25-991E-46A7-AF1E-4F0E03358DAA}.Release|Any CPU.Build.0 = Release|Any CPU
		{BDAEAB25-991E-46A7-AF1E-4F0E03358DAA}.Release|Mixed Platforms.ActiveCfg = Release|Any CPU
		{BDAEAB25-991E-46A7-AF1E-4F0E03358DAA}.Release|Mixed Platforms.Build.0 = Release|Any CPU
		{BDAEAB25-991E-46A7-AF1E-4F0E03358DAA}.Release|Win32.ActiveCfg = Release|Any CPU
		{1B60782F-B2DD-43F1-B51D-B798485F317C}.Debug|Any CPU.ActiveCfg = Debug|Any CPU
		{1B60782F-B2DD-43F1-B51D-B798485F317C}.Debug|Any CPU.Build.0 = Debug|Any CPU
		{1B60782F-B2DD-43F1-B51D-B798485F317C}.Debug|Mixed Platforms.ActiveCfg = Debug|Any CPU
		{1B60782F-B2DD-43F1-B51D-B798485F317C}.Debug|Mixed Platforms.Build.0 = Debug|Any CPU
		{1B60782F-B2DD-43F1-B51D-B798485F317C}.Debug|Win32.ActiveCfg = Debug|Any CPU
		{1B60782F-B2DD-43F1-B51D-B798485F317C}.Release|Any CPU.ActiveCfg = Release|Any CPU
		{1B60782F-B2DD-43F1-B51D-B798485F317C}.Release|Any CPU.Build.0 = Release|Any CPU
		{1B60782F-B2DD-43F1-B51D-B798485F317C}.Release|Mixed Platforms.ActiveCfg = Release|Any CPU
		{1B60782F-B2DD-43F1-B51D-B798485F317C}.Release|Mixed Platforms.Build.0 = Release|Any CPU
		{1B60782F-B2DD-43F1-B51D-B798485F317C}.Release|Win32.ActiveCfg = Release|Any CPU
		{0DFB103F-2962-400F-8C6D-E2C28CCBA633}.Debug|Any CPU.ActiveCfg = Debug|Any CPU
		{0DFB103F-2962-400F-8C6D-E2C28CCBA633}.Debug|Any CPU.Build.0 = Debug|Any CPU
		{0DFB103F-2962-400F-8C6D-E2C28CCBA633}.Debug|Mixed Platforms.ActiveCfg = Debug|Any CPU
		{0DFB103F-2962-400F-8C6D-E2C28CCBA633}.Debug|Mixed Platforms.Build.0 = Debug|Any CPU
		{0DFB103F-2962-400F-8C6D-E2C28CCBA633}.Debug|Win32.ActiveCfg = Debug|Any CPU
		{0DFB103F-2962-400F-8C6D-E2C28CCBA633}.Release|Any CPU.ActiveCfg = Release|Any CPU
		{0DFB103F-2962-400F-8C6D-E2C28CCBA633}.Release|Any CPU.Build.0 = Release|Any CPU
		{0DFB103F-2962-400F-8C6D-E2C28CCBA633}.Release|Mixed Platforms.ActiveCfg = Release|Any CPU
		{0DFB103F-2962-400F-8C6D-E2C28CCBA633}.Release|Mixed Platforms.Build.0 = Release|Any CPU
		{0DFB103F-2962-400F-8C6D-E2C28CCBA633}.Release|Win32.ActiveCfg = Release|Any CPU
		{4EA97564-C929-4ABE-AC5D-A9D11EDE08E1}.Debug|Any CPU.ActiveCfg = Debug|Win32
		{4EA97564-C929-4ABE-AC5D-A9D11EDE08E1}.Debug|Mixed Platforms.ActiveCfg = Release|Win32
		{4EA97564-C929-4ABE-AC5D-A9D11EDE08E1}.Debug|Mixed Platforms.Build.0 = Release|Win32
		{4EA97564-C929-4ABE-AC5D-A9D11EDE08E1}.Debug|Win32.ActiveCfg = Debug|Win32
		{4EA97564-C929-4ABE-AC5D-A9D11EDE08E1}.Debug|Win32.Build.0 = Debug|Win32
		{4EA97564-C929-4ABE-AC5D-A9D11EDE08E1}.Release|Any CPU.ActiveCfg = Release|Win32
		{4EA97564-C929-4ABE-AC5D-A9D11EDE08E1}.Release|Mixed Platforms.ActiveCfg = Release|Win32
		{4EA97564-C929-4ABE-AC5D-A9D11EDE08E1}.Release|Mixed Platforms.Build.0 = Release|Win32
		{4EA97564-C929-4ABE-AC5D-A9D11EDE08E1}.Release|Win32.ActiveCfg = Release|Win32
		{4EA97564-C929-4ABE-AC5D-A9D11EDE08E1}.Release|Win32.Build.0 = Release|Win32
		{2BFC3861-E90E-4F77-B254-8FB8285E43AC}.Debug|Any CPU.ActiveCfg = Debug|Any CPU
		{2BFC3861-E90E-4F77-B254-8FB8285E43AC}.Debug|Any CPU.Build.0 = Debug|Any CPU
		{2BFC3861-E90E-4F77-B254-8FB8285E43AC}.Debug|Mixed Platforms.ActiveCfg = Debug|Any CPU
		{2BFC3861-E90E-4F77-B254-8FB8285E43AC}.Debug|Mixed Platforms.Build.0 = Debug|Any CPU
		{2BFC3861-E90E-4F77-B254-8FB8285E43AC}.Debug|Win32.ActiveCfg = Debug|Any CPU
		{2BFC3861-E90E-4F77-B254-8FB8285E43AC}.Release|Any CPU.ActiveCfg = Release|Any CPU
		{2BFC3861-E90E-4F77-B254-8FB8285E43AC}.Release|Any CPU.Build.0 = Release|Any CPU
		{2BFC3861-E90E-4F77-B254-8FB8285E43AC}.Release|Mixed Platforms.ActiveCfg = Release|Any CPU
		{2BFC3861-E90E-4F77-B254-8FB8285E43AC}.Release|Mixed Platforms.Build.0 = Release|Any CPU
		{2BFC3861-E90E-4F77-B254-8FB8285E43AC}.Release|Win32.ActiveCfg = Release|Any CPU
	EndGlobalSection
	GlobalSection(SolutionProperties) = preSolution
		HideSolutionNode = FALSE
	EndGlobalSection
EndGlobal
