
Microsoft Visual Studio Solution File, Format Version 12.00
# Visual Studio 2012
Project("{FAE04EC0-301F-11D3-BF4B-00C04F79EFBC}") = "OpenRA.Game", "OpenRA.Game\OpenRA.Game.csproj", "{0DFB103F-2962-400F-8C6D-E2C28CCBA633}"
EndProject
Project("{FAE04EC0-301F-11D3-BF4B-00C04F79EFBC}") = "OpenRA.Mods.RA", "OpenRA.Mods.RA\OpenRA.Mods.RA.csproj", "{4A8A43B5-A9EF-4ED0-99DD-4BAB10A0DB6E}"
EndProject
Project("{FAE04EC0-301F-11D3-BF4B-00C04F79EFBC}") = "OpenRA.Mods.Cnc", "OpenRA.Mods.Cnc\OpenRA.Mods.Cnc.csproj", "{2881135D-4D62-493E-8F83-5EEE92CCC6BE}"
EndProject
Project("{FAE04EC0-301F-11D3-BF4B-00C04F79EFBC}") = "OpenRA.Editor", "OpenRA.Editor\OpenRA.Editor.csproj", "{00038B75-405B-44F5-8691-BD2546DBE224}"
EndProject
Project("{FAE04EC0-301F-11D3-BF4B-00C04F79EFBC}") = "OpenRA.TilesetBuilder", "OpenRA.TilesetBuilder\OpenRA.TilesetBuilder.csproj", "{1A8E50CC-EE32-4E57-8842-0C39C8EA7541}"
EndProject
Project("{FAE04EC0-301F-11D3-BF4B-00C04F79EFBC}") = "OpenRA.Lint", "OpenRA.Lint\OpenRA.Lint.csproj", "{F9FA4D9F-2302-470A-8A07-6E37F488C124}"
EndProject
Project("{FAE04EC0-301F-11D3-BF4B-00C04F79EFBC}") = "OpenRA.Utility", "OpenRA.Utility\OpenRA.Utility.csproj", "{F33337BE-CB69-4B24-850F-07D23E408DDF}"
EndProject
Project("{FAE04EC0-301F-11D3-BF4B-00C04F79EFBC}") = "OpenRA.Renderer.Null", "OpenRA.Renderer.Null\OpenRA.Renderer.Null.csproj", "{0C4AEC1A-E7D5-4114-8CCD-3EEC82872981}"
EndProject
Project("{FAE04EC0-301F-11D3-BF4B-00C04F79EFBC}") = "OpenRA.Mods.D2k", "OpenRA.Mods.D2k\OpenRA.Mods.D2k.csproj", "{C0B0465C-6BE2-409C-8770-3A9BF64C4344}"
EndProject
Project("{FAE04EC0-301F-11D3-BF4B-00C04F79EFBC}") = "OpenRA.Mods.TS", "OpenRA.Mods.TS\OpenRA.Mods.TS.csproj", "{5457CBF5-4CE4-421E-A8BF-9FD6C9732E1D}"
EndProject
Project("{FAE04EC0-301F-11D3-BF4B-00C04F79EFBC}") = "OpenRA.Irc", "OpenRA.Irc\OpenRA.Irc.csproj", "{85B48234-8B31-4BE6-AF9C-665CC6866841}"
EndProject
Project("{FAE04EC0-301F-11D3-BF4B-00C04F79EFBC}") = "OpenRA.Renderer.Sdl2", "OpenRA.Renderer.Sdl2\OpenRA.Renderer.Sdl2.csproj", "{33D03738-C154-4028-8EA8-63A3C488A651}"
EndProject
Project("{FAE04EC0-301F-11D3-BF4B-00C04F79EFBC}") = "OpenRA.Mods.Common", "OpenRA.Mods.Common\OpenRA.Mods.Common.csproj", "{FE6C8CC0-2F07-442A-B29F-17617B3B7FC6}"
EndProject
Project("{2150E333-8FDC-42A3-9474-1A3956D46DE8}") = "Common Lua scripts", "Common Lua scripts", "{FCA943AB-E622-415E-8A61-639D97F62EEC}"
	ProjectSection(SolutionItems) = preProject
		mods\common\lua\actor.lua = mods\common\lua\actor.lua
		mods\common\lua\facing.lua = mods\common\lua\facing.lua
		mods\common\lua\map.lua = mods\common\lua\map.lua
		mods\common\lua\media.lua = mods\common\lua\media.lua
		mods\common\lua\mission.lua = mods\common\lua\mission.lua
		mods\common\lua\openra.lua = mods\common\lua\openra.lua
		mods\common\lua\production.lua = mods\common\lua\production.lua
		mods\common\lua\reinforcements.lua = mods\common\lua\reinforcements.lua
		mods\common\lua\rules.lua = mods\common\lua\rules.lua
		mods\common\lua\supportpowers.lua = mods\common\lua\supportpowers.lua
		mods\common\lua\team.lua = mods\common\lua\team.lua
		mods\common\lua\utils.lua = mods\common\lua\utils.lua
	EndProjectSection
EndProject
Project("{2150E333-8FDC-42A3-9474-1A3956D46DE8}") = "Tiberian Dawn Lua scripts", "Tiberian Dawn Lua scripts", "{62FCD0D0-6D24-435D-9DD8-3CCADCF7ECAB}"
	ProjectSection(SolutionItems) = preProject
		mods\cnc\maps\gdi01\gdi01.lua = mods\cnc\maps\gdi01\gdi01.lua
		mods\cnc\maps\gdi02\gdi02.lua = mods\cnc\maps\gdi02\gdi02.lua
		mods\cnc\maps\gdi03\gdi03.lua = mods\cnc\maps\gdi03\gdi03.lua
		mods\cnc\maps\gdi04a\gdi04a.lua = mods\cnc\maps\gdi04a\gdi04a.lua
		mods\cnc\maps\gdi04b\gdi04b.lua = mods\cnc\maps\gdi04b\gdi04b.lua
		mods\cnc\maps\gdi04c\gdi04c.lua = mods\cnc\maps\gdi04c\gdi04c.lua
		mods\cnc\maps\nod01\nod01.lua = mods\cnc\maps\nod01\nod01.lua
		mods\cnc\maps\nod03a\nod03a.lua = mods\cnc\maps\nod03a\nod03a.lua
		mods\cnc\maps\nod03b\nod03b.lua = mods\cnc\maps\nod03b\nod03b.lua
		mods\cnc\maps\shellmap\shellmap.lua = mods\cnc\maps\shellmap\shellmap.lua
	EndProjectSection
EndProject
Project("{2150E333-8FDC-42A3-9474-1A3956D46DE8}") = "Red Alert Lua scripts", "Red Alert Lua scripts", "{B35D533F-BEB6-4674-A466-324EEFD97259}"
	ProjectSection(SolutionItems) = preProject
		mods\ra\maps\allies-01-classic\allies01.lua = mods\ra\maps\allies-01-classic\allies01.lua
		mods\ra\maps\allies-02-classic\allies02.lua = mods\ra\maps\allies-02-classic\allies02.lua
		mods\ra\maps\desert-shellmap\desert-shellmap.lua = mods\ra\maps\desert-shellmap\desert-shellmap.lua
		mods\ra\maps\intervention\intervention.lua = mods\ra\maps\intervention\intervention.lua
		mods\ra\maps\fort-lonestar\fort-lonestar.lua = mods\ra\maps\fort-lonestar\fort-lonestar.lua
	EndProjectSection
EndProject
Project("{2150E333-8FDC-42A3-9474-1A3956D46DE8}") = "System Lua scripts", "System Lua scripts", "{A4D6AEA4-8009-4256-903B-8D227E50452B}"
	ProjectSection(SolutionItems) = preProject
		lua\sandbox.lua = lua\sandbox.lua
		lua\scriptwrapper.lua = lua\scriptwrapper.lua
		lua\stacktraceplus.lua = lua\stacktraceplus.lua
	EndProjectSection
EndProject
Project("{FAE04EC0-301F-11D3-BF4B-00C04F79EFBC}") = "OpenRA.CrashDialog", "OpenRA.CrashDialog\OpenRA.CrashDialog.csproj", "{47F1B0EE-EB35-47F2-93E4-273C70909157}"
EndProject
Global
	GlobalSection(SolutionConfigurationPlatforms) = preSolution
		Debug|x86 = Debug|x86
	EndGlobalSection
	GlobalSection(ProjectConfigurationPlatforms) = postSolution
		{0DFB103F-2962-400F-8C6D-E2C28CCBA633}.Debug|x86.ActiveCfg = Debug|x86
		{0DFB103F-2962-400F-8C6D-E2C28CCBA633}.Debug|x86.Build.0 = Debug|x86
		{FE6C8CC0-2F07-442A-B29F-17617B3B7FC6}.Debug|x86.ActiveCfg = Debug|x86
		{FE6C8CC0-2F07-442A-B29F-17617B3B7FC6}.Debug|x86.Build.0 = Debug|x86
		{4A8A43B5-A9EF-4ED0-99DD-4BAB10A0DB6E}.Debug|x86.ActiveCfg = Debug|x86
		{4A8A43B5-A9EF-4ED0-99DD-4BAB10A0DB6E}.Debug|x86.Build.0 = Debug|x86
		{2881135D-4D62-493E-8F83-5EEE92CCC6BE}.Debug|x86.ActiveCfg = Debug|x86
		{2881135D-4D62-493E-8F83-5EEE92CCC6BE}.Debug|x86.Build.0 = Debug|x86
		{00038B75-405B-44F5-8691-BD2546DBE224}.Debug|x86.ActiveCfg = Debug|x86
		{00038B75-405B-44F5-8691-BD2546DBE224}.Debug|x86.Build.0 = Debug|x86
		{1A8E50CC-EE32-4E57-8842-0C39C8EA7541}.Debug|x86.ActiveCfg = Debug|x86
		{1A8E50CC-EE32-4E57-8842-0C39C8EA7541}.Debug|x86.Build.0 = Debug|x86
		{F9FA4D9F-2302-470A-8A07-6E37F488C124}.Debug|x86.ActiveCfg = Debug|x86
		{F9FA4D9F-2302-470A-8A07-6E37F488C124}.Debug|x86.Build.0 = Debug|x86
		{F33337BE-CB69-4B24-850F-07D23E408DDF}.Debug|x86.ActiveCfg = Debug|x86
		{F33337BE-CB69-4B24-850F-07D23E408DDF}.Debug|x86.Build.0 = Debug|x86
		{0C4AEC1A-E7D5-4114-8CCD-3EEC82872981}.Debug|x86.ActiveCfg = Debug|x86
		{0C4AEC1A-E7D5-4114-8CCD-3EEC82872981}.Debug|x86.Build.0 = Debug|x86
		{C0B0465C-6BE2-409C-8770-3A9BF64C4344}.Debug|x86.ActiveCfg = Debug|x86
		{C0B0465C-6BE2-409C-8770-3A9BF64C4344}.Debug|x86.Build.0 = Debug|x86
		{5457CBF5-4CE4-421E-A8BF-9FD6C9732E1D}.Debug|x86.ActiveCfg = Debug|x86
		{5457CBF5-4CE4-421E-A8BF-9FD6C9732E1D}.Debug|x86.Build.0 = Debug|x86
		{85B48234-8B31-4BE6-AF9C-665CC6866841}.Debug|x86.ActiveCfg = Debug|x86
		{85B48234-8B31-4BE6-AF9C-665CC6866841}.Debug|x86.Build.0 = Debug|x86
		{33D03738-C154-4028-8EA8-63A3C488A651}.Debug|x86.ActiveCfg = Debug|x86
		{33D03738-C154-4028-8EA8-63A3C488A651}.Debug|x86.Build.0 = Debug|x86
		{47F1B0EE-EB35-47F2-93E4-273C70909157}.Debug|x86.ActiveCfg = Debug|x86
		{47F1B0EE-EB35-47F2-93E4-273C70909157}.Debug|x86.Build.0 = Debug|x86
	EndGlobalSection
	GlobalSection(SolutionProperties) = preSolution
		HideSolutionNode = FALSE
	EndGlobalSection
	GlobalSection(MonoDevelopProperties) = preSolution
		StartupItem = OpenRA.Game\OpenRA.Game.csproj
		Policies = $0
		$0.DotNetNamingPolicy = $1
		$1.DirectoryNamespaceAssociation = None
		$1.ResourceNamePolicy = FileFormatDefault
		$0.TextStylePolicy = $2
		$2.TabsToSpaces = False
		$2.NoTabsAfterNonTabs = True
		$2.inheritsSet = VisualStudio
		$2.inheritsScope = text/plain
		$2.scope = text/x-csharp
		$0.CSharpFormattingPolicy = $3
		$3.IndentSwitchBody = True
		$3.AnonymousMethodBraceStyle = NextLine
		$3.PropertyBraceStyle = NextLine
		$3.PropertyGetBraceStyle = NextLine
		$3.PropertySetBraceStyle = NextLine
		$3.EventBraceStyle = NextLine
		$3.EventAddBraceStyle = NextLine
		$3.EventRemoveBraceStyle = NextLine
		$3.StatementBraceStyle = NextLine
		$3.ArrayInitializerBraceStyle = NextLine
		$3.BeforeMethodDeclarationParentheses = False
		$3.BeforeMethodCallParentheses = False
		$3.BeforeConstructorDeclarationParentheses = False
		$3.BeforeDelegateDeclarationParentheses = False
		$3.NewParentheses = False
		$3.inheritsSet = Mono
		$3.inheritsScope = text/x-csharp
		$3.scope = text/x-csharp
		$0.TextStylePolicy = $4
		$4.TabsToSpaces = False
		$4.NoTabsAfterNonTabs = True
		$4.inheritsSet = VisualStudio
		$4.inheritsScope = text/plain
		$4.scope = text/plain
		$0.TextStylePolicy = $5
		$5.NoTabsAfterNonTabs = True
		$5.inheritsSet = Mono
		$5.inheritsScope = text/plain
		$5.scope = text/microsoft-resx
		$0.XmlFormattingPolicy = $6
		$6.inheritsSet = Mono
		$6.inheritsScope = application/xml
		$6.scope = text/microsoft-resx
		$0.TextStylePolicy = $7
		$7.NoTabsAfterNonTabs = True
		$7.inheritsSet = Mono
		$7.inheritsScope = text/plain
		$7.scope = application/xml
		$0.XmlFormattingPolicy = $8
		$8.inheritsSet = Mono
		$8.inheritsScope = application/xml
		$8.scope = application/xml
		$0.StandardHeader = $9
		$9.Text = @#region Copyright & License Information\n/*\n * Copyright 2007-${Year} The OpenRA Developers (see AUTHORS)\n * This file is part of OpenRA, which is free software. It is made\n * available to you under the terms of the GNU General Public License\n * as published by the Free Software Foundation. For more information,\n * see COPYING.\n */\n#endregion
		$9.IncludeInNewFiles = True
		$0.NameConventionPolicy = $10
		$10.Rules = $11
		$11.NamingRule = $12
		$12.Name = Namespaces
		$12.AffectedEntity = Namespace
		$12.VisibilityMask = VisibilityMask
		$12.NamingStyle = PascalCase
		$12.IncludeInstanceMembers = True
		$12.IncludeStaticEntities = True
		$11.NamingRule = $13
		$13.Name = Types
		$13.AffectedEntity = Class, Struct, Enum, Delegate
		$13.VisibilityMask = Public
		$13.NamingStyle = PascalCase
		$13.IncludeInstanceMembers = True
		$13.IncludeStaticEntities = True
		$11.NamingRule = $14
		$14.Name = Interfaces
		$14.RequiredPrefixes = $15
		$15.String = I
		$14.AffectedEntity = Interface
		$14.VisibilityMask = Public
		$14.NamingStyle = PascalCase
		$14.IncludeInstanceMembers = True
		$14.IncludeStaticEntities = True
		$11.NamingRule = $16
		$16.Name = Attributes
		$16.RequiredSuffixes = $17
		$17.String = Attribute
		$16.AffectedEntity = CustomAttributes
		$16.VisibilityMask = Public
		$16.NamingStyle = PascalCase
		$16.IncludeInstanceMembers = True
		$16.IncludeStaticEntities = True
		$11.NamingRule = $18
		$18.Name = Event Arguments
		$18.RequiredSuffixes = $19
		$19.String = EventArgs
		$18.AffectedEntity = CustomEventArgs
		$18.VisibilityMask = Public
		$18.NamingStyle = PascalCase
		$18.IncludeInstanceMembers = True
		$18.IncludeStaticEntities = True
		$11.NamingRule = $20
		$20.Name = Exceptions
		$20.RequiredSuffixes = $21
		$21.String = Exception
		$20.AffectedEntity = CustomExceptions
		$20.VisibilityMask = VisibilityMask
		$20.NamingStyle = PascalCase
		$20.IncludeInstanceMembers = True
		$20.IncludeStaticEntities = True
		$11.NamingRule = $22
		$22.Name = Methods
		$22.AffectedEntity = Methods
		$22.VisibilityMask = Protected, Public
		$22.NamingStyle = PascalCase
		$22.IncludeInstanceMembers = True
		$22.IncludeStaticEntities = True
		$11.NamingRule = $23
		$23.Name = Static Readonly Fields
		$23.AffectedEntity = ReadonlyField
		$23.VisibilityMask = Protected, Public
		$23.NamingStyle = PascalCase
		$23.IncludeInstanceMembers = False
		$23.IncludeStaticEntities = True
		$11.NamingRule = $24
		$24.Name = Fields
		$24.AffectedEntity = Field
		$24.VisibilityMask = Protected, Public
		$24.NamingStyle = PascalCase
		$24.IncludeInstanceMembers = True
		$24.IncludeStaticEntities = True
		$11.NamingRule = $25
		$25.Name = ReadOnly Fields
		$25.AffectedEntity = ReadonlyField
		$25.VisibilityMask = Protected, Public
		$25.NamingStyle = PascalCase
		$25.IncludeInstanceMembers = True
		$25.IncludeStaticEntities = False
		$11.NamingRule = $26
		$26.Name = Constant Fields
		$26.AffectedEntity = ConstantField
		$26.VisibilityMask = Protected, Public
		$26.NamingStyle = PascalCase
		$26.IncludeInstanceMembers = True
		$26.IncludeStaticEntities = True
		$11.NamingRule = $27
		$27.Name = Properties
		$27.AffectedEntity = Property
		$27.VisibilityMask = Protected, Public
		$27.NamingStyle = PascalCase
		$27.IncludeInstanceMembers = True
		$27.IncludeStaticEntities = True
		$11.NamingRule = $28
		$28.Name = Events
		$28.AffectedEntity = Event
		$28.VisibilityMask = Protected, Public
		$28.NamingStyle = PascalCase
		$28.IncludeInstanceMembers = True
		$28.IncludeStaticEntities = True
		$11.NamingRule = $29
		$29.Name = Enum Members
		$29.AffectedEntity = EnumMember
		$29.VisibilityMask = VisibilityMask
		$29.NamingStyle = PascalCase
		$29.IncludeInstanceMembers = True
		$29.IncludeStaticEntities = True
		$11.NamingRule = $30
		$30.Name = Parameters
		$30.AffectedEntity = Parameter
		$30.VisibilityMask = VisibilityMask
		$30.NamingStyle = CamelCase
		$30.IncludeInstanceMembers = True
		$30.IncludeStaticEntities = True
		$11.NamingRule = $31
		$31.Name = Type Parameters
		$31.RequiredPrefixes = $32
		$32.String = T
		$31.AffectedEntity = TypeParameter
		$31.VisibilityMask = VisibilityMask
		$31.NamingStyle = PascalCase
		$31.IncludeInstanceMembers = True
		$31.IncludeStaticEntities = True
		$0.VersionControlPolicy = $33
		$33.inheritsSet = Mono
		$0.ChangeLogPolicy = $34
		$34.UpdateMode = None
		$34.MessageStyle = $35
		$35.LineAlign = 0
		$34.inheritsSet = Mono
		outputpath = .
	EndGlobalSection
EndGlobal
