
Microsoft Visual Studio Solution File, Format Version 12.00
# Visual Studio Version 16
VisualStudioVersion = 16.0.28803.352
MinimumVisualStudioVersion = 10.0.40219.1
Project("{9A19103F-16F7-4668-BE54-9A1E7A4F7556}") = "OpenRA.Game", "OpenRA.Game\OpenRA.Game.csproj", "{0DFB103F-2962-400F-8C6D-E2C28CCBA633}"
EndProject
Project("{9A19103F-16F7-4668-BE54-9A1E7A4F7556}") = "OpenRA.Mods.Cnc", "OpenRA.Mods.Cnc\OpenRA.Mods.Cnc.csproj", "{2881135D-4D62-493E-8F83-5EEE92CCC6BE}"
EndProject
Project("{9A19103F-16F7-4668-BE54-9A1E7A4F7556}") = "OpenRA.Utility", "OpenRA.Utility\OpenRA.Utility.csproj", "{F33337BE-CB69-4B24-850F-07D23E408DDF}"
EndProject
Project("{9A19103F-16F7-4668-BE54-9A1E7A4F7556}") = "OpenRA.Server", "OpenRA.Server\OpenRA.Server.csproj", "{76F621A1-3D8E-4A99-9F7E-B071EB657817}"
EndProject
Project("{9A19103F-16F7-4668-BE54-9A1E7A4F7556}") = "OpenRA.Mods.D2k", "OpenRA.Mods.D2k\OpenRA.Mods.D2k.csproj", "{C0B0465C-6BE2-409C-8770-3A9BF64C4344}"
EndProject
Project("{9A19103F-16F7-4668-BE54-9A1E7A4F7556}") = "OpenRA.Platforms.Default", "OpenRA.Platforms.Default\OpenRA.Platforms.Default.csproj", "{33D03738-C154-4028-8EA8-63A3C488A651}"
EndProject
Project("{9A19103F-16F7-4668-BE54-9A1E7A4F7556}") = "OpenRA.Mods.Common", "OpenRA.Mods.Common\OpenRA.Mods.Common.csproj", "{FE6C8CC0-2F07-442A-B29F-17617B3B7FC6}"
EndProject
Project("{2150E333-8FDC-42A3-9474-1A3956D46DE8}") = "Tiberian Dawn Lua scripts", "Tiberian Dawn Lua scripts", "{62FCD0D0-6D24-435D-9DD8-3CCADCF7ECAB}"
	ProjectSection(SolutionItems) = preProject
		mods\cnc\maps\cnc64gdi01\cnc64gdi01.lua = mods\cnc\maps\cnc64gdi01\cnc64gdi01.lua
		mods\cnc\maps\gdi01\gdi01.lua = mods\cnc\maps\gdi01\gdi01.lua
		mods\cnc\maps\gdi02\gdi02.lua = mods\cnc\maps\gdi02\gdi02.lua
		mods\cnc\maps\gdi03\gdi03.lua = mods\cnc\maps\gdi03\gdi03.lua
		mods\cnc\maps\gdi04a\gdi04a.lua = mods\cnc\maps\gdi04a\gdi04a.lua
		mods\cnc\maps\gdi04b\gdi04b.lua = mods\cnc\maps\gdi04b\gdi04b.lua
		mods\cnc\maps\gdi04c\gdi04c.lua = mods\cnc\maps\gdi04c\gdi04c.lua
		mods\cnc\maps\gdi05a\gdi05a.lua = mods\cnc\maps\gdi05a\gdi05a.lua
		mods\cnc\maps\gdi05b\gdi05b.lua = mods\cnc\maps\gdi05b\gdi05b.lua
		mods\cnc\maps\gdi06\gdi06.lua = mods\cnc\maps\gdi06\gdi06.lua
		mods\cnc\maps\gdi07\gdi07.lua = mods\cnc\maps\gdi07\gdi07.lua
		mods\cnc\maps\nod01\nod01.lua = mods\cnc\maps\nod01\nod01.lua
		mods\cnc\maps\nod02a\nod02a.lua = mods\cnc\maps\nod02a\nod02a.lua
		mods\cnc\maps\nod02b\nod02b.lua = mods\cnc\maps\nod02b\nod02b.lua
		mods\cnc\maps\nod03a\nod03a.lua = mods\cnc\maps\nod03a\nod03a.lua
		mods\cnc\maps\nod03b\nod03b.lua = mods\cnc\maps\nod03b\nod03b.lua
		mods\cnc\maps\nod04a\nod04a.lua = mods\cnc\maps\nod04a\nod04a.lua
		mods\cnc\maps\nod04b\nod04b.lua = mods\cnc\maps\nod04b\nod04b.lua
		mods\cnc\maps\nod05\nod05.lua = mods\cnc\maps\nod05\nod05.lua
		mods\cnc\maps\nod06a\nod06a.lua = mods\cnc\maps\nod06a\nod06a.lua
		mods\cnc\maps\nod06b\nod06b.lua = mods\cnc\maps\nod06b\nod06b.lua
		mods\cnc\maps\nod06c\nod06c.lua = mods\cnc\maps\nod06c\nod06c.lua
		mods\cnc\maps\nod07a\nod07a-AI.lua = mods\cnc\maps\nod07a\nod07a-AI.lua
		mods\cnc\maps\nod07a\nod07a.lua = mods\cnc\maps\nod07a\nod07a.lua
		mods\cnc\maps\nod07b\nod07b-AI.lua = mods\cnc\maps\nod07b\nod07b-AI.lua
		mods\cnc\maps\nod07b\nod07b.lua = mods\cnc\maps\nod07b\nod07b.lua
		mods\cnc\maps\nod07c\nod07c.lua = mods\cnc\maps\nod07c\nod07c.lua
		mods\cnc\maps\nod08a\nod08a-AI.lua = mods\cnc\maps\nod08a\nod08a-AI.lua
		mods\cnc\maps\nod08a\nod08a.lua = mods\cnc\maps\nod08a\nod08a.lua
		mods\cnc\maps\nod08b\nod08b-AI.lua = mods\cnc\maps\nod08b\nod08b-AI.lua
		mods\cnc\maps\nod08b\nod08b.lua = mods\cnc\maps\nod08b\nod08b.lua
		mods\cnc\maps\nod09\nod09-AI.lua = mods\cnc\maps\nod09\nod09-AI.lua
		mods\cnc\maps\nod09\nod09.lua = mods\cnc\maps\nod09\nod09.lua
		mods\cnc\maps\funpark01\scj01ea.lua = mods\cnc\maps\funpark01\scj01ea.lua
		mods\cnc\maps\shellmap\shellmap.lua = mods\cnc\maps\shellmap\shellmap.lua
	EndProjectSection
EndProject
Project("{2150E333-8FDC-42A3-9474-1A3956D46DE8}") = "Red Alert Lua scripts", "Red Alert Lua scripts", "{B35D533F-BEB6-4674-A466-324EEFD97259}"
	ProjectSection(SolutionItems) = preProject
		mods\ra\maps\allies-01\allies01.lua = mods\ra\maps\allies-01\allies01.lua
		mods\ra\maps\allies-02\allies02.lua = mods\ra\maps\allies-02\allies02.lua
		mods\ra\maps\allies-03a\allies03a.lua = mods\ra\maps\allies-03a\allies03a.lua
		mods\ra\maps\allies-03b\allies03b.lua = mods\ra\maps\allies-03b\allies03b.lua
		mods\ra\maps\allies-05a\allies05a-AI.lua = mods\ra\maps\allies-05a\allies05a-AI.lua
		mods\ra\maps\allies-05a\allies05a.lua = mods\ra\maps\allies-05a\allies05a.lua
		mods\ra\maps\allies-06a\allies06a-AI.lua = mods\ra\maps\allies-06a\allies06a-AI.lua
		mods\ra\maps\allies-06a\allies06a.lua = mods\ra\maps\allies-06a\allies06a.lua
		mods\ra\maps\allies-06b\allies06b-AI.lua = mods\ra\maps\allies-06b\allies06b-AI.lua
		mods\ra\maps\allies-06b\allies06b.lua = mods\ra\maps\allies-06b\allies06b.lua
		mods\ra\maps\desert-shellmap\desert-shellmap.lua = mods\ra\maps\desert-shellmap\desert-shellmap.lua
		mods\ra\maps\evacuation\evacuation.lua = mods\ra\maps\evacuation\evacuation.lua
		mods\ra\maps\exodus\exodus.lua = mods\ra\maps\exodus\exodus.lua
		mods\ra\maps\fort-lonestar\fort-lonestar-AI.lua = mods\ra\maps\fort-lonestar\fort-lonestar-AI.lua
		mods\ra\maps\fort-lonestar\fort-lonestar.lua = mods\ra\maps\fort-lonestar\fort-lonestar.lua
		mods\ra\maps\infiltration\infiltration.lua = mods\ra\maps\infiltration\infiltration.lua
		mods\ra\maps\intervention\intervention.lua = mods\ra\maps\intervention\intervention.lua
		mods\ra\maps\monster-tank-madness\monster-tank-madness.lua = mods\ra\maps\monster-tank-madness\monster-tank-madness.lua
		mods\ra\maps\soviet-soldier-volkov-n-chitzkoi\scu35ea-AI.lua = mods\ra\maps\soviet-soldier-volkov-n-chitzkoi\scu35ea-AI.lua
		mods\ra\maps\soviet-soldier-volkov-n-chitzkoi\scu35ea.lua = mods\ra\maps\soviet-soldier-volkov-n-chitzkoi\scu35ea.lua
		mods\ra\maps\top-o-the-world\scu36ea.lua = mods\ra\maps\top-o-the-world\scu36ea.lua
		mods\ra\maps\soviet-01\soviet01.lua = mods\ra\maps\soviet-01\soviet01.lua
		mods\ra\maps\soviet-02a\soviet02a.lua = mods\ra\maps\soviet-02a\soviet02a.lua
		mods\ra\maps\soviet-02b\soviet02b.lua = mods\ra\maps\soviet-02b\soviet02b.lua
		mods\ra\maps\soviet-03\soviet03.lua = mods\ra\maps\soviet-03\soviet03.lua
		mods\ra\maps\soviet-04a\soviet04a-AI.lua = mods\ra\maps\soviet-04a\soviet04a-AI.lua
		mods\ra\maps\soviet-04a\soviet04a-reinforcements_teams.lua = mods\ra\maps\soviet-04a\soviet04a-reinforcements_teams.lua
		mods\ra\maps\soviet-04a\soviet04a.lua = mods\ra\maps\soviet-04a\soviet04a.lua
		mods\ra\maps\soviet-04b\soviet04b-AI.lua = mods\ra\maps\soviet-04b\soviet04b-AI.lua
		mods\ra\maps\soviet-04b\soviet04b-reinforcements_teams.lua = mods\ra\maps\soviet-04b\soviet04b-reinforcements_teams.lua
		mods\ra\maps\soviet-04b\soviet04b.lua = mods\ra\maps\soviet-04b\soviet04b.lua
		mods\ra\maps\soviet-05\soviet05-AI.lua = mods\ra\maps\soviet-05\soviet05-AI.lua
		mods\ra\maps\soviet-05\soviet05-reinforcements_teams.lua = mods\ra\maps\soviet-05\soviet05-reinforcements_teams.lua
		mods\ra\maps\soviet-05\soviet05.lua = mods\ra\maps\soviet-05\soviet05.lua
		mods\ra\maps\soviet-06a\soviet06a-AI.lua = mods\ra\maps\soviet-06a\soviet06a-AI.lua
		mods\ra\maps\soviet-06a\soviet06a-reinforcements_teams.lua = mods\ra\maps\soviet-06a\soviet06a-reinforcements_teams.lua
		mods\ra\maps\soviet-06a\soviet06a.lua = mods\ra\maps\soviet-06a\soviet06a.lua
		mods\ra\maps\soviet-06b\soviet06b-AI.lua = mods\ra\maps\soviet-06b\soviet06b-AI.lua
		mods\ra\maps\soviet-06b\soviet06b-reinforcements_teams.lua = mods\ra\maps\soviet-06b\soviet06b-reinforcements_teams.lua
		mods\ra\maps\soviet-06b\soviet06b.lua = mods\ra\maps\soviet-06b\soviet06b.lua
		mods\ra\maps\soviet-07\soviet07.lua = mods\ra\maps\soviet-07\soviet07.lua
		mods\ra\maps\survival01\survival01.lua = mods\ra\maps\survival01\survival01.lua
		mods\ra\maps\survival02\survival02.lua = mods\ra\maps\survival02\survival02.lua
	EndProjectSection
EndProject
Project("{2150E333-8FDC-42A3-9474-1A3956D46DE8}") = "Dune 2000 Lua scripts", "Dune 2000 Lua scripts", "{06B1AE07-DDB0-4287-8700-A8CD9A0E652E}"
	ProjectSection(SolutionItems) = preProject
		mods\d2k\maps\atreides-01a\atreides01a.lua = mods\d2k\maps\atreides-01a\atreides01a.lua
		mods\d2k\maps\atreides-01b\atreides01b.lua = mods\d2k\maps\atreides-01b\atreides01b.lua
		mods\d2k\maps\atreides-02a\atreides02a-AI.lua = mods\d2k\maps\atreides-02a\atreides02a-AI.lua
		mods\d2k\maps\atreides-02a\atreides02a.lua = mods\d2k\maps\atreides-02a\atreides02a.lua
		mods\d2k\maps\atreides-02b\atreides02b-AI.lua = mods\d2k\maps\atreides-02b\atreides02b-AI.lua
		mods\d2k\maps\atreides-02b\atreides02b.lua = mods\d2k\maps\atreides-02b\atreides02b.lua
		mods\d2k\maps\atreides-03a\atreides03a-AI.lua = mods\d2k\maps\atreides-03a\atreides03a-AI.lua
		mods\d2k\maps\atreides-03a\atreides03a.lua = mods\d2k\maps\atreides-03a\atreides03a.lua
		mods\d2k\maps\atreides-03b\atreides03b-AI.lua = mods\d2k\maps\atreides-03b\atreides03b-AI.lua
		mods\d2k\maps\atreides-03b\atreides03b.lua = mods\d2k\maps\atreides-03b\atreides03b.lua
		mods\d2k\maps\atreides-04\atreides04-AI.lua = mods\d2k\maps\atreides-04\atreides04-AI.lua
		mods\d2k\maps\atreides-04\atreides04.lua = mods\d2k\maps\atreides-04\atreides04.lua
		mods\d2k\maps\atreides-05\atreides05-AI.lua = mods\d2k\maps\atreides-05\atreides05-AI.lua
		mods\d2k\maps\atreides-05\atreides05.lua = mods\d2k\maps\atreides-05\atreides05.lua
		mods\d2k\bits\scripts\campaign-global.lua = mods\d2k\bits\scripts\campaign-global.lua
		mods\d2k\maps\harkonnen-01a\harkonnen01a.lua = mods\d2k\maps\harkonnen-01a\harkonnen01a.lua
		mods\d2k\maps\harkonnen-01b\harkonnen01b.lua = mods\d2k\maps\harkonnen-01b\harkonnen01b.lua
		mods\d2k\maps\harkonnen-02a\harkonnen02a-AI.lua = mods\d2k\maps\harkonnen-02a\harkonnen02a-AI.lua
		mods\d2k\maps\harkonnen-02a\harkonnen02a.lua = mods\d2k\maps\harkonnen-02a\harkonnen02a.lua
		mods\d2k\maps\harkonnen-02b\harkonnen02b-AI.lua = mods\d2k\maps\harkonnen-02b\harkonnen02b-AI.lua
		mods\d2k\maps\harkonnen-02b\harkonnen02b.lua = mods\d2k\maps\harkonnen-02b\harkonnen02b.lua
		mods\d2k\maps\harkonnen-03a\harkonnen03a-AI.lua = mods\d2k\maps\harkonnen-03a\harkonnen03a-AI.lua
		mods\d2k\maps\harkonnen-03a\harkonnen03a.lua = mods\d2k\maps\harkonnen-03a\harkonnen03a.lua
		mods\d2k\maps\harkonnen-03b\harkonnen03b-AI.lua = mods\d2k\maps\harkonnen-03b\harkonnen03b-AI.lua
		mods\d2k\maps\harkonnen-03b\harkonnen03b.lua = mods\d2k\maps\harkonnen-03b\harkonnen03b.lua
		mods\d2k\maps\harkonnen-04\harkonnen04-AI.lua = mods\d2k\maps\harkonnen-04\harkonnen04-AI.lua
		mods\d2k\maps\harkonnen-04\harkonnen04.lua = mods\d2k\maps\harkonnen-04\harkonnen04.lua
		mods\d2k\maps\harkonnen-05\harkonnen05-AI.lua = mods\d2k\maps\harkonnen-05\harkonnen05-AI.lua
		mods\d2k\maps\harkonnen-05\harkonnen05.lua = mods\d2k\maps\harkonnen-05\harkonnen05.lua
		mods\d2k\maps\harkonnen-06a\harkonnen06a-AI.lua = mods\d2k\maps\harkonnen-06a\harkonnen06a-AI.lua
		mods\d2k\maps\harkonnen-06a\harkonnen06a.lua = mods\d2k\maps\harkonnen-06a\harkonnen06a.lua
		mods\d2k\maps\harkonnen-06b\harkonnen06b-AI.lua = mods\d2k\maps\harkonnen-06b\harkonnen06b-AI.lua
		mods\d2k\maps\harkonnen-06b\harkonnen06b.lua = mods\d2k\maps\harkonnen-06b\harkonnen06b.lua
		mods\d2k\maps\harkonnen-07\harkonnen07-AI.lua = mods\d2k\maps\harkonnen-07\harkonnen07-AI.lua
		mods\d2k\maps\harkonnen-07\harkonnen07.lua = mods\d2k\maps\harkonnen-07\harkonnen07.lua
		mods\d2k\maps\harkonnen-08\harkonnen08-AI.lua = mods\d2k\maps\harkonnen-08\harkonnen08-AI.lua
		mods\d2k\maps\harkonnen-08\harkonnen08.lua = mods\d2k\maps\harkonnen-08\harkonnen08.lua
		mods\d2k\maps\harkonnen-09a\harkonnen09a-AI.lua = mods\d2k\maps\harkonnen-09a\harkonnen09a-AI.lua
		mods\d2k\maps\harkonnen-09a\harkonnen09a.lua = mods\d2k\maps\harkonnen-09a\harkonnen09a.lua
		mods\d2k\maps\harkonnen-09b\harkonnen09b-AI.lua = mods\d2k\maps\harkonnen-09b\harkonnen09b-AI.lua
		mods\d2k\maps\harkonnen-09b\harkonnen09b.lua = mods\d2k\maps\harkonnen-09b\harkonnen09b.lua
		mods\d2k\maps\ordos-01a\ordos01a.lua = mods\d2k\maps\ordos-01a\ordos01a.lua
		mods\d2k\maps\ordos-01b\ordos01b.lua = mods\d2k\maps\ordos-01b\ordos01b.lua
		mods\d2k\maps\ordos-02a\ordos02a-AI.lua = mods\d2k\maps\ordos-02a\ordos02a-AI.lua
		mods\d2k\maps\ordos-02a\ordos02a.lua = mods\d2k\maps\ordos-02a\ordos02a.lua
		mods\d2k\maps\ordos-02b\ordos02b-AI.lua = mods\d2k\maps\ordos-02b\ordos02b-AI.lua
		mods\d2k\maps\ordos-02b\ordos02b.lua = mods\d2k\maps\ordos-02b\ordos02b.lua
		mods\d2k\maps\ordos-03a\ordos03a-AI.lua = mods\d2k\maps\ordos-03a\ordos03a-AI.lua
		mods\d2k\maps\ordos-03a\ordos03a.lua = mods\d2k\maps\ordos-03a\ordos03a.lua
		mods\d2k\maps\ordos-03b\ordos03b-AI.lua = mods\d2k\maps\ordos-03b\ordos03b-AI.lua
		mods\d2k\maps\ordos-03b\ordos03b.lua = mods\d2k\maps\ordos-03b\ordos03b.lua
		mods\d2k\maps\ordos-04\ordos04-AI.lua = mods\d2k\maps\ordos-04\ordos04-AI.lua
		mods\d2k\maps\ordos-04\ordos04.lua = mods\d2k\maps\ordos-04\ordos04.lua
		mods\d2k\maps\ordos-05\ordos05-AI.lua = mods\d2k\maps\ordos-05\ordos05-AI.lua
		mods\d2k\maps\ordos-05\ordos05.lua = mods\d2k\maps\ordos-05\ordos05.lua
	EndProjectSection
EndProject
Project("{2150E333-8FDC-42A3-9474-1A3956D46DE8}") = "System Lua scripts", "System Lua scripts", "{A4D6AEA4-8009-4256-903B-8D227E50452B}"
	ProjectSection(SolutionItems) = preProject
		lua\sandbox.lua = lua\sandbox.lua
		lua\scriptwrapper.lua = lua\scriptwrapper.lua
		lua\stacktraceplus.lua = lua\stacktraceplus.lua
	EndProjectSection
EndProject
Project("{9A19103F-16F7-4668-BE54-9A1E7A4F7556}") = "OpenRA.Test", "OpenRA.Test\OpenRA.Test.csproj", "{6CB8E1B7-6B36-4D93-8633-7C573E194AC4}"
EndProject
Project("{2150E333-8FDC-42A3-9474-1A3956D46DE8}") = "Tiberian Sun Lua scripts", "Tiberian Sun Lua scripts", "{85159569-F5BD-458E-B5C0-EB16690C432B}"
	ProjectSection(SolutionItems) = preProject
		mods\ts\maps\fields-of-green\fields-of-green.lua = mods\ts\maps\fields-of-green\fields-of-green.lua
	EndProjectSection
EndProject
Project("{9A19103F-16F7-4668-BE54-9A1E7A4F7556}") = "OpenRA.PostProcess", "OpenRA.PostProcess\OpenRA.PostProcess.csproj", "{EE63AF7E-92EA-48FB-81E2-53D7D92F8050}"
EndProject
Global
	GlobalSection(SolutionConfigurationPlatforms) = preSolution
		Debug|Any CPU = Debug|Any CPU
		Release|Any CPU = Release|Any CPU
		Release-x86|Any CPU = Release-x86|Any CPU
	EndGlobalSection
	GlobalSection(ProjectConfigurationPlatforms) = postSolution
		{0DFB103F-2962-400F-8C6D-E2C28CCBA633}.Debug|Any CPU.ActiveCfg = Debug|Any CPU
		{0DFB103F-2962-400F-8C6D-E2C28CCBA633}.Debug|Any CPU.Build.0 = Debug|Any CPU
		{0DFB103F-2962-400F-8C6D-E2C28CCBA633}.Release|Any CPU.ActiveCfg = Release|Any CPU
		{0DFB103F-2962-400F-8C6D-E2C28CCBA633}.Release|Any CPU.Build.0 = Release|Any CPU
		{0DFB103F-2962-400F-8C6D-E2C28CCBA633}.Release-x86|Any CPU.ActiveCfg = Release-x86|Any CPU
		{0DFB103F-2962-400F-8C6D-E2C28CCBA633}.Release-x86|Any CPU.Build.0 = Release-x86|Any CPU
		{2881135D-4D62-493E-8F83-5EEE92CCC6BE}.Debug|Any CPU.ActiveCfg = Debug|Any CPU
		{2881135D-4D62-493E-8F83-5EEE92CCC6BE}.Debug|Any CPU.Build.0 = Debug|Any CPU
		{2881135D-4D62-493E-8F83-5EEE92CCC6BE}.Release|Any CPU.ActiveCfg = Release|Any CPU
		{2881135D-4D62-493E-8F83-5EEE92CCC6BE}.Release|Any CPU.Build.0 = Release|Any CPU
		{2881135D-4D62-493E-8F83-5EEE92CCC6BE}.Release-x86|Any CPU.ActiveCfg = Release|Any CPU
		{2881135D-4D62-493E-8F83-5EEE92CCC6BE}.Release-x86|Any CPU.Build.0 = Release|Any CPU
		{F33337BE-CB69-4B24-850F-07D23E408DDF}.Debug|Any CPU.ActiveCfg = Debug|Any CPU
		{F33337BE-CB69-4B24-850F-07D23E408DDF}.Debug|Any CPU.Build.0 = Debug|Any CPU
		{F33337BE-CB69-4B24-850F-07D23E408DDF}.Release|Any CPU.ActiveCfg = Release|Any CPU
		{F33337BE-CB69-4B24-850F-07D23E408DDF}.Release|Any CPU.Build.0 = Release|Any CPU
		{F33337BE-CB69-4B24-850F-07D23E408DDF}.Debug|Any CPU.Build.0 = Debug|Any CPU
		{F33337BE-CB69-4B24-850F-07D23E408DDF}.Release-x86|Any CPU.ActiveCfg = Release-x86|Any CPU
		{F33337BE-CB69-4B24-850F-07D23E408DDF}.Release-x86|Any CPU.Build.0 = Release-x86|Any CPU
		{76F621A1-3D8E-4A99-9F7E-B071EB657817}.Debug|Any CPU.ActiveCfg = Debug|Any CPU
		{76F621A1-3D8E-4A99-9F7E-B071EB657817}.Debug|Any CPU.Build.0 = Debug|Any CPU
		{76F621A1-3D8E-4A99-9F7E-B071EB657817}.Release|Any CPU.ActiveCfg = Release|Any CPU
		{76F621A1-3D8E-4A99-9F7E-B071EB657817}.Release|Any CPU.Build.0 = Release|Any CPU
		{76F621A1-3D8E-4A99-9F7E-B071EB657817}.Release-x86|Any CPU.ActiveCfg = Release-x86|Any CPU
		{76F621A1-3D8E-4A99-9F7E-B071EB657817}.Release-x86|Any CPU.Build.0 = Release-x86|Any CPU
		{C0B0465C-6BE2-409C-8770-3A9BF64C4344}.Debug|Any CPU.ActiveCfg = Debug|Any CPU
		{C0B0465C-6BE2-409C-8770-3A9BF64C4344}.Debug|Any CPU.Build.0 = Debug|Any CPU
		{C0B0465C-6BE2-409C-8770-3A9BF64C4344}.Release|Any CPU.ActiveCfg = Release|Any CPU
		{C0B0465C-6BE2-409C-8770-3A9BF64C4344}.Release|Any CPU.Build.0 = Release|Any CPU
		{C0B0465C-6BE2-409C-8770-3A9BF64C4344}.Release-x86|Any CPU.ActiveCfg = Release|Any CPU
		{C0B0465C-6BE2-409C-8770-3A9BF64C4344}.Release-x86|Any CPU.Build.0 = Release|Any CPU
		{33D03738-C154-4028-8EA8-63A3C488A651}.Debug|Any CPU.ActiveCfg = Debug|Any CPU
		{33D03738-C154-4028-8EA8-63A3C488A651}.Debug|Any CPU.Build.0 = Debug|Any CPU
		{33D03738-C154-4028-8EA8-63A3C488A651}.Release|Any CPU.ActiveCfg = Release|Any CPU
		{33D03738-C154-4028-8EA8-63A3C488A651}.Release|Any CPU.Build.0 = Release|Any CPU
		{33D03738-C154-4028-8EA8-63A3C488A651}.Release-x86|Any CPU.ActiveCfg = Release|Any CPU
		{33D03738-C154-4028-8EA8-63A3C488A651}.Release-x86|Any CPU.Build.0 = Release|Any CPU
		{FE6C8CC0-2F07-442A-B29F-17617B3B7FC6}.Debug|Any CPU.ActiveCfg = Debug|Any CPU
		{FE6C8CC0-2F07-442A-B29F-17617B3B7FC6}.Debug|Any CPU.Build.0 = Debug|Any CPU
		{FE6C8CC0-2F07-442A-B29F-17617B3B7FC6}.Release|Any CPU.ActiveCfg = Release|Any CPU
		{FE6C8CC0-2F07-442A-B29F-17617B3B7FC6}.Release|Any CPU.Build.0 = Release|Any CPU
		{FE6C8CC0-2F07-442A-B29F-17617B3B7FC6}.Release-x86|Any CPU.ActiveCfg = Release|Any CPU
		{FE6C8CC0-2F07-442A-B29F-17617B3B7FC6}.Release-x86|Any CPU.Build.0 = Release|Any CPU
		{6CB8E1B7-6B36-4D93-8633-7C573E194AC4}.Debug|Any CPU.ActiveCfg = Debug|Any CPU
		{6CB8E1B7-6B36-4D93-8633-7C573E194AC4}.Debug|Any CPU.Build.0 = Debug|Any CPU
		{6CB8E1B7-6B36-4D93-8633-7C573E194AC4}.Release|Any CPU.ActiveCfg = Release|Any CPU
		{6CB8E1B7-6B36-4D93-8633-7C573E194AC4}.Release|Any CPU.Build.0 = Release|Any CPU
		{6CB8E1B7-6B36-4D93-8633-7C573E194AC4}.Release-x86|Any CPU.ActiveCfg = Release|Any CPU
		{6CB8E1B7-6B36-4D93-8633-7C573E194AC4}.Release-x86|Any CPU.Build.0 = Release|Any CPU
		{EE63AF7E-92EA-48FB-81E2-53D7D92F8050}.Debug|Any CPU.ActiveCfg = Debug|Any CPU
		{EE63AF7E-92EA-48FB-81E2-53D7D92F8050}.Debug|Any CPU.Build.0 = Debug|Any CPU
		{EE63AF7E-92EA-48FB-81E2-53D7D92F8050}.Release|Any CPU.ActiveCfg = Release|Any CPU
		{EE63AF7E-92EA-48FB-81E2-53D7D92F8050}.Release|Any CPU.Build.0 = Release|Any CPU
		{EE63AF7E-92EA-48FB-81E2-53D7D92F8050}.Release-x86|Any CPU.ActiveCfg = Release-x86|Any CPU
		{EE63AF7E-92EA-48FB-81E2-53D7D92F8050}.Release-x86|Any CPU.Build.0 = Release-x86|Any CPU
	EndGlobalSection
	GlobalSection(SolutionProperties) = preSolution
		HideSolutionNode = FALSE
	EndGlobalSection
	GlobalSection(ExtensibilityGlobals) = postSolution
		SolutionGuid = {9E2FAACA-DADB-4EEB-9898-2B0269F45E69}
	EndGlobalSection
	GlobalSection(MonoDevelopProperties) = preSolution
		StartupItem = OpenRA.Game\OpenRA.Game.csproj
		Policies = $0
		$0.DotNetNamingPolicy = $1
		$0.TextStylePolicy = $7
		outputpath = .
	EndGlobalSection
EndGlobal
