
Microsoft Visual Studio Solution File, Format Version 9.00
# Visual Studio 2005
Project("{FAE04EC0-301F-11D3-BF4B-00C04F79EFBC}") = "MixBrowser", "MixBrowser\MixBrowser.csproj", "{E183D00B-FD2C-4001-8336-DF345DE281DA}"
EndProject
Project("{8BC9CEB8-8B4A-11D0-8D11-00A0C91BC942}") = "MixDecrypt", "MixDecrypt\MixDecrypt.vcproj", "{6F5D4280-3D23-41FF-AE2A-511B5553E377}"
EndProject
Project("{FAE04EC0-301F-11D3-BF4B-00C04F79EFBC}") = "ImageDecode", "ImageDecode\ImageDecode.csproj", "{39352FD2-28B0-4DF5-97C7-499CE1AECCB9}"
EndProject
Global
	GlobalSection(SolutionConfigurationPlatforms) = preSolution
		Debug|Any CPU = Debug|Any CPU
		Debug|Mixed Platforms = Debug|Mixed Platforms
		Debug|Win32 = Debug|Win32
		Release|Any CPU = Release|Any CPU
		Release|Mixed Platforms = Release|Mixed Platforms
		Release|Win32 = Release|Win32
	EndGlobalSection
	GlobalSection(ProjectConfigurationPlatforms) = postSolution
		{E183D00B-FD2C-4001-8336-DF345DE281DA}.Debug|Any CPU.ActiveCfg = Debug|Any CPU
		{E183D00B-FD2C-4001-8336-DF345DE281DA}.Debug|Any CPU.Build.0 = Debug|Any CPU
		{E183D00B-FD2C-4001-8336-DF345DE281DA}.Debug|Mixed Platforms.ActiveCfg = Debug|Any CPU
		{E183D00B-FD2C-4001-8336-DF345DE281DA}.Debug|Mixed Platforms.Build.0 = Debug|Any CPU
		{E183D00B-FD2C-4001-8336-DF345DE281DA}.Debug|Win32.ActiveCfg = Debug|Any CPU
		{E183D00B-FD2C-4001-8336-DF345DE281DA}.Release|Any CPU.ActiveCfg = Release|Any CPU
		{E183D00B-FD2C-4001-8336-DF345DE281DA}.Release|Any CPU.Build.0 = Release|Any CPU
		{E183D00B-FD2C-4001-8336-DF345DE281DA}.Release|Mixed Platforms.ActiveCfg = Release|Any CPU
		{E183D00B-FD2C-4001-8336-DF345DE281DA}.Release|Mixed Platforms.Build.0 = Release|Any CPU
		{E183D00B-FD2C-4001-8336-DF345DE281DA}.Release|Win32.ActiveCfg = Release|Any CPU
		{6F5D4280-3D23-41FF-AE2A-511B5553E377}.Debug|Any CPU.ActiveCfg = Debug|Win32
		{6F5D4280-3D23-41FF-AE2A-511B5553E377}.Debug|Mixed Platforms.ActiveCfg = Debug|Win32
		{6F5D4280-3D23-41FF-AE2A-511B5553E377}.Debug|Mixed Platforms.Build.0 = Debug|Win32
		{6F5D4280-3D23-41FF-AE2A-511B5553E377}.Debug|Win32.ActiveCfg = Debug|Win32
		{6F5D4280-3D23-41FF-AE2A-511B5553E377}.Debug|Win32.Build.0 = Debug|Win32
		{6F5D4280-3D23-41FF-AE2A-511B5553E377}.Release|Any CPU.ActiveCfg = Release|Win32
		{6F5D4280-3D23-41FF-AE2A-511B5553E377}.Release|Mixed Platforms.ActiveCfg = Release|Win32
		{6F5D4280-3D23-41FF-AE2A-511B5553E377}.Release|Mixed Platforms.Build.0 = Release|Win32
		{6F5D4280-3D23-41FF-AE2A-511B5553E377}.Release|Win32.ActiveCfg = Release|Win32
		{6F5D4280-3D23-41FF-AE2A-511B5553E377}.Release|Win32.Build.0 = Release|Win32
		{39352FD2-28B0-4DF5-97C7-499CE1AECCB9}.Debug|Any CPU.ActiveCfg = Debug|Any CPU
		{39352FD2-28B0-4DF5-97C7-499CE1AECCB9}.Debug|Any CPU.Build.0 = Debug|Any CPU
		{39352FD2-28B0-4DF5-97C7-499CE1AECCB9}.Debug|Mixed Platforms.ActiveCfg = Debug|Any CPU
		{39352FD2-28B0-4DF5-97C7-499CE1AECCB9}.Debug|Mixed Platforms.Build.0 = Debug|Any CPU
		{39352FD2-28B0-4DF5-97C7-499CE1AECCB9}.Debug|Win32.ActiveCfg = Debug|Any CPU
		{39352FD2-28B0-4DF5-97C7-499CE1AECCB9}.Release|Any CPU.ActiveCfg = Release|Any CPU
		{39352FD2-28B0-4DF5-97C7-499CE1AECCB9}.Release|Any CPU.Build.0 = Release|Any CPU
		{39352FD2-28B0-4DF5-97C7-499CE1AECCB9}.Release|Mixed Platforms.ActiveCfg = Release|Any CPU
		{39352FD2-28B0-4DF5-97C7-499CE1AECCB9}.Release|Mixed Platforms.Build.0 = Release|Any CPU
		{39352FD2-28B0-4DF5-97C7-499CE1AECCB9}.Release|Win32.ActiveCfg = Release|Any CPU
	EndGlobalSection
	GlobalSection(SolutionProperties) = preSolution
		HideSolutionNode = FALSE
	EndGlobalSection
EndGlobal
