
Microsoft Visual Studio Solution File, Format Version 10.00
# Visual Studio 2008
Project("{FAE04EC0-301F-11D3-BF4B-00C04F79EFBC}") = "OpenRAUploader", "OpenRAUploader.csproj", "{B56CAEB1-F805-48D6-8EBF-CB30CE5F1F35}"
EndProject
Global
	GlobalSection(SolutionConfigurationPlatforms) = preSolution
		Debug|Any CPU = Debug|Any CPU
		Release|Any CPU = Release|Any CPU
	EndGlobalSection
	GlobalSection(ProjectConfigurationPlatforms) = postSolution
		{B56CAEB1-F805-48D6-8EBF-CB30CE5F1F35}.Debug|Any CPU.ActiveCfg = Debug|Any CPU
		{B56CAEB1-F805-48D6-8EBF-CB30CE5F1F35}.Debug|Any CPU.Build.0 = Debug|Any CPU
		{B56CAEB1-F805-48D6-8EBF-CB30CE5F1F35}.Release|Any CPU.ActiveCfg = Release|Any CPU
		{B56CAEB1-F805-48D6-8EBF-CB30CE5F1F35}.Release|Any CPU.Build.0 = Release|Any CPU
	EndGlobalSection
	GlobalSection(SolutionProperties) = preSolution
		HideSolutionNode = FALSE
	EndGlobalSection
EndGlobal
