
Microsoft Visual Studio Solution File, Format Version 10.00
# Visual Studio 2008
Project("{FAE04EC0-301F-11D3-BF4B-00C04F79EFBC}") = "mkremap", "mkremap.csproj", "{3A2C18E7-0379-4D72-8A56-B850CB765197}"
EndProject
Global
	GlobalSection(SolutionConfigurationPlatforms) = preSolution
		Debug|Any CPU = Debug|Any CPU
		Release|Any CPU = Release|Any CPU
	EndGlobalSection
	GlobalSection(ProjectConfigurationPlatforms) = postSolution
		{3A2C18E7-0379-4D72-8A56-B850CB765197}.Debug|Any CPU.ActiveCfg = Debug|Any CPU
		{3A2C18E7-0379-4D72-8A56-B850CB765197}.Debug|Any CPU.Build.0 = Debug|Any CPU
		{3A2C18E7-0379-4D72-8A56-B850CB765197}.Release|Any CPU.ActiveCfg = Release|Any CPU
		{3A2C18E7-0379-4D72-8A56-B850CB765197}.Release|Any CPU.Build.0 = Release|Any CPU
	EndGlobalSection
	GlobalSection(SolutionProperties) = preSolution
		HideSolutionNode = FALSE
	EndGlobalSection
EndGlobal
